// !$*UTF8*$!
{
	archiveVersion = 1;
	classes = {
	};
	objectVersion = 50;
	objects = {

/* Begin PBXBuildFile section */
		A1116C4620BBFB3A004B312B /* Gift.swift in Sources */ = {isa = PBXBuildFile; fileRef = A1116C4520BBFB3A004B312B /* Gift.swift */; };
		A1116C4920BC1E7E004B312B /* GiftSplitViewController.swift in Sources */ = {isa = PBXBuildFile; fileRef = A1116C4820BC1E7E004B312B /* GiftSplitViewController.swift */; };
		A1116C4B20BC2083004B312B /* GiftTableViewController.swift in Sources */ = {isa = PBXBuildFile; fileRef = A1116C4A20BC2083004B312B /* GiftTableViewController.swift */; };
		A1116C4D20BC5CA9004B312B /* GiftDetailTableViewController.swift in Sources */ = {isa = PBXBuildFile; fileRef = A1116C4C20BC5CA9004B312B /* GiftDetailTableViewController.swift */; };
		A1561F9720B89EF500685000 /* contactsTableViewController.swift in Sources */ = {isa = PBXBuildFile; fileRef = A1561F9620B89EF500685000 /* contactsTableViewController.swift */; };
		A1561F9A20B8A05000685000 /* ToolsTableViewController.swift in Sources */ = {isa = PBXBuildFile; fileRef = A1561F9920B8A05000685000 /* ToolsTableViewController.swift */; };
		A1626E7020B6E5550026D04C /* AppDelegate.swift in Sources */ = {isa = PBXBuildFile; fileRef = A1626E6F20B6E5550026D04C /* AppDelegate.swift */; };
		A1626E7720B6E5550026D04C /* Main.storyboard in Resources */ = {isa = PBXBuildFile; fileRef = A1626E7520B6E5550026D04C /* Main.storyboard */; };
		A1626E7920B6E5560026D04C /* Assets.xcassets in Resources */ = {isa = PBXBuildFile; fileRef = A1626E7820B6E5560026D04C /* Assets.xcassets */; };
		A1626E7C20B6E5560026D04C /* LaunchScreen.storyboard in Resources */ = {isa = PBXBuildFile; fileRef = A1626E7A20B6E5560026D04C /* LaunchScreen.storyboard */; };
		A16981F220BAB84F005AC0B6 /* PersonDetailTableViewController.swift in Sources */ = {isa = PBXBuildFile; fileRef = A16981F120BAB84F005AC0B6 /* PersonDetailTableViewController.swift */; };
		A16981F420BAC385005AC0B6 /* Utils.swift in Sources */ = {isa = PBXBuildFile; fileRef = A16981F320BAC384005AC0B6 /* Utils.swift */; };
		A16A778020B9792C00F53A52 /* PersonsSplitViewController.swift in Sources */ = {isa = PBXBuildFile; fileRef = A16A777F20B9792C00F53A52 /* PersonsSplitViewController.swift */; };
		A1E5703C20B6F30700F11D25 /* Person.swift in Sources */ = {isa = PBXBuildFile; fileRef = A1E5703B20B6F30700F11D25 /* Person.swift */; };
		A1E5703E20B6FBC000F11D25 /* PersonsTableViewController.swift in Sources */ = {isa = PBXBuildFile; fileRef = A1E5703D20B6FBC000F11D25 /* PersonsTableViewController.swift */; };
		A1E5704020B7254E00F11D25 /* ImportContacts.swift in Sources */ = {isa = PBXBuildFile; fileRef = A1E5703F20B7254E00F11D25 /* ImportContacts.swift */; };
		C1C4ABB5CE467A59671F6E6D /* Pods_Friends.framework in Frameworks */ = {isa = PBXBuildFile; fileRef = 7C6203C6F17F85CC859256CE /* Pods_Friends.framework */; };
/* End PBXBuildFile section */

/* Begin PBXFileReference section */
		3873059C352E6CB5AD41BA74 /* Pods-Friends.release.xcconfig */ = {isa = PBXFileReference; includeInIndex = 1; lastKnownFileType = text.xcconfig; name = "Pods-Friends.release.xcconfig"; path = "Pods/Target Support Files/Pods-Friends/Pods-Friends.release.xcconfig"; sourceTree = "<group>"; };
		7C6203C6F17F85CC859256CE /* Pods_Friends.framework */ = {isa = PBXFileReference; explicitFileType = wrapper.framework; includeInIndex = 0; path = Pods_Friends.framework; sourceTree = BUILT_PRODUCTS_DIR; };
		A1116C4520BBFB3A004B312B /* Gift.swift */ = {isa = PBXFileReference; lastKnownFileType = sourcecode.swift; path = Gift.swift; sourceTree = "<group>"; };
		A1116C4820BC1E7E004B312B /* GiftSplitViewController.swift */ = {isa = PBXFileReference; lastKnownFileType = sourcecode.swift; path = GiftSplitViewController.swift; sourceTree = "<group>"; };
		A1116C4A20BC2083004B312B /* GiftTableViewController.swift */ = {isa = PBXFileReference; lastKnownFileType = sourcecode.swift; path = GiftTableViewController.swift; sourceTree = "<group>"; };
		A1116C4C20BC5CA9004B312B /* GiftDetailTableViewController.swift */ = {isa = PBXFileReference; lastKnownFileType = sourcecode.swift; path = GiftDetailTableViewController.swift; sourceTree = "<group>"; };
		A1561F9620B89EF500685000 /* contactsTableViewController.swift */ = {isa = PBXFileReference; lastKnownFileType = sourcecode.swift; path = contactsTableViewController.swift; sourceTree = "<group>"; };
		A1561F9920B8A05000685000 /* ToolsTableViewController.swift */ = {isa = PBXFileReference; lastKnownFileType = sourcecode.swift; path = ToolsTableViewController.swift; sourceTree = "<group>"; };
		A1626E6C20B6E5550026D04C /* Friends.app */ = {isa = PBXFileReference; explicitFileType = wrapper.application; includeInIndex = 0; path = Friends.app; sourceTree = BUILT_PRODUCTS_DIR; };
		A1626E6F20B6E5550026D04C /* AppDelegate.swift */ = {isa = PBXFileReference; lastKnownFileType = sourcecode.swift; path = AppDelegate.swift; sourceTree = "<group>"; };
		A1626E7620B6E5550026D04C /* Base */ = {isa = PBXFileReference; lastKnownFileType = file.storyboard; name = Base; path = Base.lproj/Main.storyboard; sourceTree = "<group>"; };
		A1626E7820B6E5560026D04C /* Assets.xcassets */ = {isa = PBXFileReference; lastKnownFileType = folder.assetcatalog; path = Assets.xcassets; sourceTree = "<group>"; };
		A1626E7B20B6E5560026D04C /* Base */ = {isa = PBXFileReference; lastKnownFileType = file.storyboard; name = Base; path = Base.lproj/LaunchScreen.storyboard; sourceTree = "<group>"; };
		A1626E7D20B6E5560026D04C /* Info.plist */ = {isa = PBXFileReference; lastKnownFileType = text.plist.xml; path = Info.plist; sourceTree = "<group>"; };
		A16981F120BAB84F005AC0B6 /* PersonDetailTableViewController.swift */ = {isa = PBXFileReference; lastKnownFileType = sourcecode.swift; path = PersonDetailTableViewController.swift; sourceTree = "<group>"; };
		A16981F320BAC384005AC0B6 /* Utils.swift */ = {isa = PBXFileReference; fileEncoding = 4; lastKnownFileType = sourcecode.swift; path = Utils.swift; sourceTree = "<group>"; };
		A16A777F20B9792C00F53A52 /* PersonsSplitViewController.swift */ = {isa = PBXFileReference; lastKnownFileType = sourcecode.swift; path = PersonsSplitViewController.swift; sourceTree = "<group>"; };
		A1E5703B20B6F30700F11D25 /* Person.swift */ = {isa = PBXFileReference; lastKnownFileType = sourcecode.swift; path = Person.swift; sourceTree = "<group>"; };
		A1E5703D20B6FBC000F11D25 /* PersonsTableViewController.swift */ = {isa = PBXFileReference; lastKnownFileType = sourcecode.swift; path = PersonsTableViewController.swift; sourceTree = "<group>"; };
		A1E5703F20B7254E00F11D25 /* ImportContacts.swift */ = {isa = PBXFileReference; lastKnownFileType = sourcecode.swift; path = ImportContacts.swift; sourceTree = "<group>"; };
		B2BA5D36410FDF1BB42F3980 /* Pods-Friends.debug.xcconfig */ = {isa = PBXFileReference; includeInIndex = 1; lastKnownFileType = text.xcconfig; name = "Pods-Friends.debug.xcconfig"; path = "Pods/Target Support Files/Pods-Friends/Pods-Friends.debug.xcconfig"; sourceTree = "<group>"; };
/* End PBXFileReference section */

/* Begin PBXFrameworksBuildPhase section */
		A1626E6920B6E5550026D04C /* Frameworks */ = {
			isa = PBXFrameworksBuildPhase;
			buildActionMask = 2147483647;
			files = (
				C1C4ABB5CE467A59671F6E6D /* Pods_Friends.framework in Frameworks */,
			);
			runOnlyForDeploymentPostprocessing = 0;
		};
/* End PBXFrameworksBuildPhase section */

/* Begin PBXGroup section */
		09C3B19BE37743F7DAC9A364 /* Frameworks */ = {
			isa = PBXGroup;
			children = (
				7C6203C6F17F85CC859256CE /* Pods_Friends.framework */,
			);
			name = Frameworks;
			sourceTree = "<group>";
		};
		A1116C4720BC1E36004B312B /* Gifts */ = {
			isa = PBXGroup;
			children = (
				A1116C4820BC1E7E004B312B /* GiftSplitViewController.swift */,
				A1116C4A20BC2083004B312B /* GiftTableViewController.swift */,
				A1116C4C20BC5CA9004B312B /* GiftDetailTableViewController.swift */,
			);
			path = Gifts;
			sourceTree = "<group>";
		};
		A1116C4E20BC623F004B312B /* Utils */ = {
			isa = PBXGroup;
			children = (
				A16981F320BAC384005AC0B6 /* Utils.swift */,
			);
			path = Utils;
			sourceTree = "<group>";
		};
		A1561F9820B8A03800685000 /* Tools */ = {
			isa = PBXGroup;
			children = (
				A1561F9920B8A05000685000 /* ToolsTableViewController.swift */,
			);
			path = Tools;
			sourceTree = "<group>";
		};
		A1626E6320B6E5550026D04C = {
			isa = PBXGroup;
			children = (
				A1626E6E20B6E5550026D04C /* Friends */,
				A1626E6D20B6E5550026D04C /* Products */,
				CD136B83376AE4725E400406 /* Pods */,
				09C3B19BE37743F7DAC9A364 /* Frameworks */,
			);
			sourceTree = "<group>";
		};
		A1626E6D20B6E5550026D04C /* Products */ = {
			isa = PBXGroup;
			children = (
				A1626E6C20B6E5550026D04C /* Friends.app */,
			);
			name = Products;
			sourceTree = "<group>";
		};
		A1626E6E20B6E5550026D04C /* Friends */ = {
			isa = PBXGroup;
			children = (
				A1116C4E20BC623F004B312B /* Utils */,
				A1561F9820B8A03800685000 /* Tools */,
				A1E5704120B75A5200F11D25 /* ImportContacts */,
				A1626E8420B6E59E0026D04C /* Views */,
				A1626E8320B6E5800026D04C /* Model */,
				A1626E6F20B6E5550026D04C /* AppDelegate.swift */,
				A1626E7520B6E5550026D04C /* Main.storyboard */,
				A1626E7820B6E5560026D04C /* Assets.xcassets */,
				A1626E7A20B6E5560026D04C /* LaunchScreen.storyboard */,
				A1626E7D20B6E5560026D04C /* Info.plist */,
			);
			path = Friends;
			sourceTree = "<group>";
		};
		A1626E8320B6E5800026D04C /* Model */ = {
			isa = PBXGroup;
			children = (
				A1E5703B20B6F30700F11D25 /* Person.swift */,
				A1116C4520BBFB3A004B312B /* Gift.swift */,
			);
			path = Model;
			sourceTree = "<group>";
		};
		A1626E8420B6E59E0026D04C /* Views */ = {
			isa = PBXGroup;
			children = (
				A1116C4720BC1E36004B312B /* Gifts */,
				A16A777E20B978ED00F53A52 /* Persons */,
			);
			path = Views;
			sourceTree = "<group>";
		};
		A16A777E20B978ED00F53A52 /* Persons */ = {
			isa = PBXGroup;
			children = (
				A1E5703D20B6FBC000F11D25 /* PersonsTableViewController.swift */,
				A16A777F20B9792C00F53A52 /* PersonsSplitViewController.swift */,
				A16981F120BAB84F005AC0B6 /* PersonDetailTableViewController.swift */,
			);
			path = Persons;
			sourceTree = "<group>";
		};
		A1E5704120B75A5200F11D25 /* ImportContacts */ = {
			isa = PBXGroup;
			children = (
				A1E5703F20B7254E00F11D25 /* ImportContacts.swift */,
				A1561F9620B89EF500685000 /* contactsTableViewController.swift */,
			);
			path = ImportContacts;
			sourceTree = "<group>";
		};
		CD136B83376AE4725E400406 /* Pods */ = {
			isa = PBXGroup;
			children = (
				B2BA5D36410FDF1BB42F3980 /* Pods-Friends.debug.xcconfig */,
				3873059C352E6CB5AD41BA74 /* Pods-Friends.release.xcconfig */,
			);
			name = Pods;
			sourceTree = "<group>";
		};
/* End PBXGroup section */

/* Begin PBXNativeTarget section */
		A1626E6B20B6E5550026D04C /* Friends */ = {
			isa = PBXNativeTarget;
			buildConfigurationList = A1626E8020B6E5560026D04C /* Build configuration list for PBXNativeTarget "Friends" */;
			buildPhases = (
				F15D7D28CEEFBAB882F12919 /* [CP] Check Pods Manifest.lock */,
				A1626E6820B6E5550026D04C /* Sources */,
				A1626E6920B6E5550026D04C /* Frameworks */,
				A1626E6A20B6E5550026D04C /* Resources */,
				EF0E5F6709A0DBF613BD3D3D /* [CP] Embed Pods Frameworks */,
			);
			buildRules = (
			);
			dependencies = (
			);
			name = Friends;
			productName = Friends;
			productReference = A1626E6C20B6E5550026D04C /* Friends.app */;
			productType = "com.apple.product-type.application";
		};
/* End PBXNativeTarget section */

/* Begin PBXProject section */
		A1626E6420B6E5550026D04C /* Project object */ = {
			isa = PBXProject;
			attributes = {
				LastSwiftUpdateCheck = 0930;
				LastUpgradeCheck = 0930;
				ORGANIZATIONNAME = bernard;
				TargetAttributes = {
					A1626E6B20B6E5550026D04C = {
						CreatedOnToolsVersion = 9.3.1;
					};
				};
			};
			buildConfigurationList = A1626E6720B6E5550026D04C /* Build configuration list for PBXProject "Friends" */;
			compatibilityVersion = "Xcode 9.3";
			developmentRegion = en;
			hasScannedForEncodings = 0;
			knownRegions = (
				en,
				Base,
			);
			mainGroup = A1626E6320B6E5550026D04C;
			productRefGroup = A1626E6D20B6E5550026D04C /* Products */;
			projectDirPath = "";
			projectRoot = "";
			targets = (
				A1626E6B20B6E5550026D04C /* Friends */,
			);
		};
/* End PBXProject section */

/* Begin PBXResourcesBuildPhase section */
		A1626E6A20B6E5550026D04C /* Resources */ = {
			isa = PBXResourcesBuildPhase;
			buildActionMask = 2147483647;
			files = (
				A1626E7C20B6E5560026D04C /* LaunchScreen.storyboard in Resources */,
				A1626E7920B6E5560026D04C /* Assets.xcassets in Resources */,
				A1626E7720B6E5550026D04C /* Main.storyboard in Resources */,
			);
			runOnlyForDeploymentPostprocessing = 0;
		};
/* End PBXResourcesBuildPhase section */

/* Begin PBXShellScriptBuildPhase section */
		EF0E5F6709A0DBF613BD3D3D /* [CP] Embed Pods Frameworks */ = {
			isa = PBXShellScriptBuildPhase;
			buildActionMask = 2147483647;
			files = (
			);
			inputPaths = (
				"${SRCROOT}/Pods/Target Support Files/Pods-Friends/Pods-Friends-frameworks.sh",
				"${BUILT_PRODUCTS_DIR}/Realm/Realm.framework",
				"${BUILT_PRODUCTS_DIR}/RealmSwift/RealmSwift.framework",
			);
			name = "[CP] Embed Pods Frameworks";
			outputPaths = (
				"${TARGET_BUILD_DIR}/${FRAMEWORKS_FOLDER_PATH}/Realm.framework",
				"${TARGET_BUILD_DIR}/${FRAMEWORKS_FOLDER_PATH}/RealmSwift.framework",
			);
			runOnlyForDeploymentPostprocessing = 0;
			shellPath = /bin/sh;
			shellScript = "\"${SRCROOT}/Pods/Target Support Files/Pods-Friends/Pods-Friends-frameworks.sh\"\n";
			showEnvVarsInLog = 0;
		};
		F15D7D28CEEFBAB882F12919 /* [CP] Check Pods Manifest.lock */ = {
			isa = PBXShellScriptBuildPhase;
			buildActionMask = 2147483647;
			files = (
			);
			inputPaths = (
				"${PODS_PODFILE_DIR_PATH}/Podfile.lock",
				"${PODS_ROOT}/Manifest.lock",
			);
			name = "[CP] Check Pods Manifest.lock";
			outputPaths = (
				"$(DERIVED_FILE_DIR)/Pods-Friends-checkManifestLockResult.txt",
			);
			runOnlyForDeploymentPostprocessing = 0;
			shellPath = /bin/sh;
			shellScript = "diff \"${PODS_PODFILE_DIR_PATH}/Podfile.lock\" \"${PODS_ROOT}/Manifest.lock\" > /dev/null\nif [ $? != 0 ] ; then\n    # print error to STDERR\n    echo \"error: The sandbox is not in sync with the Podfile.lock. Run 'pod install' or update your CocoaPods installation.\" >&2\n    exit 1\nfi\n# This output is used by Xcode 'outputs' to avoid re-running this script phase.\necho \"SUCCESS\" > \"${SCRIPT_OUTPUT_FILE_0}\"\n";
			showEnvVarsInLog = 0;
		};
/* End PBXShellScriptBuildPhase section */

/* Begin PBXSourcesBuildPhase section */
		A1626E6820B6E5550026D04C /* Sources */ = {
			isa = PBXSourcesBuildPhase;
			buildActionMask = 2147483647;
			files = (
				A1116C4920BC1E7E004B312B /* GiftSplitViewController.swift in Sources */,
				A1E5703C20B6F30700F11D25 /* Person.swift in Sources */,
				A1116C4D20BC5CA9004B312B /* GiftDetailTableViewController.swift in Sources */,
				A1116C4620BBFB3A004B312B /* Gift.swift in Sources */,
				A16981F220BAB84F005AC0B6 /* PersonDetailTableViewController.swift in Sources */,
				A16981F420BAC385005AC0B6 /* Utils.swift in Sources */,
				A1561F9A20B8A05000685000 /* ToolsTableViewController.swift in Sources */,
				A1E5704020B7254E00F11D25 /* ImportContacts.swift in Sources */,
				A1626E7020B6E5550026D04C /* AppDelegate.swift in Sources */,
				A16A778020B9792C00F53A52 /* PersonsSplitViewController.swift in Sources */,
				A1116C4B20BC2083004B312B /* GiftTableViewController.swift in Sources */,
				A1561F9720B89EF500685000 /* contactsTableViewController.swift in Sources */,
				A1E5703E20B6FBC000F11D25 /* PersonsTableViewController.swift in Sources */,
			);
			runOnlyForDeploymentPostprocessing = 0;
		};
/* End PBXSourcesBuildPhase section */

/* Begin PBXVariantGroup section */
		A1626E7520B6E5550026D04C /* Main.storyboard */ = {
			isa = PBXVariantGroup;
			children = (
				A1626E7620B6E5550026D04C /* Base */,
			);
			name = Main.storyboard;
			sourceTree = "<group>";
		};
		A1626E7A20B6E5560026D04C /* LaunchScreen.storyboard */ = {
			isa = PBXVariantGroup;
			children = (
				A1626E7B20B6E5560026D04C /* Base */,
			);
			name = LaunchScreen.storyboard;
			sourceTree = "<group>";
		};
/* End PBXVariantGroup section */

/* Begin XCBuildConfiguration section */
		A1626E7E20B6E5560026D04C /* Debug */ = {
			isa = XCBuildConfiguration;
			buildSettings = {
				ALWAYS_SEARCH_USER_PATHS = NO;
				CLANG_ANALYZER_NONNULL = YES;
				CLANG_ANALYZER_NUMBER_OBJECT_CONVERSION = YES_AGGRESSIVE;
				CLANG_CXX_LANGUAGE_STANDARD = "gnu++14";
				CLANG_CXX_LIBRARY = "libc++";
				CLANG_ENABLE_MODULES = YES;
				CLANG_ENABLE_OBJC_ARC = YES;
				CLANG_ENABLE_OBJC_WEAK = YES;
				CLANG_WARN_BLOCK_CAPTURE_AUTORELEASING = YES;
				CLANG_WARN_BOOL_CONVERSION = YES;
				CLANG_WARN_COMMA = YES;
				CLANG_WARN_CONSTANT_CONVERSION = YES;
				CLANG_WARN_DEPRECATED_OBJC_IMPLEMENTATIONS = YES;
				CLANG_WARN_DIRECT_OBJC_ISA_USAGE = YES_ERROR;
				CLANG_WARN_DOCUMENTATION_COMMENTS = YES;
				CLANG_WARN_EMPTY_BODY = YES;
				CLANG_WARN_ENUM_CONVERSION = YES;
				CLANG_WARN_INFINITE_RECURSION = YES;
				CLANG_WARN_INT_CONVERSION = YES;
				CLANG_WARN_NON_LITERAL_NULL_CONVERSION = YES;
				CLANG_WARN_OBJC_IMPLICIT_RETAIN_SELF = YES;
				CLANG_WARN_OBJC_LITERAL_CONVERSION = YES;
				CLANG_WARN_OBJC_ROOT_CLASS = YES_ERROR;
				CLANG_WARN_RANGE_LOOP_ANALYSIS = YES;
				CLANG_WARN_STRICT_PROTOTYPES = YES;
				CLANG_WARN_SUSPICIOUS_MOVE = YES;
				CLANG_WARN_UNGUARDED_AVAILABILITY = YES_AGGRESSIVE;
				CLANG_WARN_UNREACHABLE_CODE = YES;
				CLANG_WARN__DUPLICATE_METHOD_MATCH = YES;
				CODE_SIGN_IDENTITY = "iPhone Developer";
				COPY_PHASE_STRIP = NO;
				DEBUG_INFORMATION_FORMAT = dwarf;
				ENABLE_STRICT_OBJC_MSGSEND = YES;
				ENABLE_TESTABILITY = YES;
				GCC_C_LANGUAGE_STANDARD = gnu11;
				GCC_DYNAMIC_NO_PIC = NO;
				GCC_NO_COMMON_BLOCKS = YES;
				GCC_OPTIMIZATION_LEVEL = 0;
				GCC_PREPROCESSOR_DEFINITIONS = (
					"DEBUG=1",
					"$(inherited)",
				);
				GCC_WARN_64_TO_32_BIT_CONVERSION = YES;
				GCC_WARN_ABOUT_RETURN_TYPE = YES_ERROR;
				GCC_WARN_UNDECLARED_SELECTOR = YES;
				GCC_WARN_UNINITIALIZED_AUTOS = YES_AGGRESSIVE;
				GCC_WARN_UNUSED_FUNCTION = YES;
				GCC_WARN_UNUSED_VARIABLE = YES;
				IPHONEOS_DEPLOYMENT_TARGET = 11.3;
				MTL_ENABLE_DEBUG_INFO = YES;
				ONLY_ACTIVE_ARCH = YES;
				SDKROOT = iphoneos;
				SWIFT_ACTIVE_COMPILATION_CONDITIONS = DEBUG;
				SWIFT_OPTIMIZATION_LEVEL = "-Onone";
			};
			name = Debug;
		};
		A1626E7F20B6E5560026D04C /* Release */ = {
			isa = XCBuildConfiguration;
			buildSettings = {
				ALWAYS_SEARCH_USER_PATHS = NO;
				CLANG_ANALYZER_NONNULL = YES;
				CLANG_ANALYZER_NUMBER_OBJECT_CONVERSION = YES_AGGRESSIVE;
				CLANG_CXX_LANGUAGE_STANDARD = "gnu++14";
				CLANG_CXX_LIBRARY = "libc++";
				CLANG_ENABLE_MODULES = YES;
				CLANG_ENABLE_OBJC_ARC = YES;
				CLANG_ENABLE_OBJC_WEAK = YES;
				CLANG_WARN_BLOCK_CAPTURE_AUTORELEASING = YES;
				CLANG_WARN_BOOL_CONVERSION = YES;
				CLANG_WARN_COMMA = YES;
				CLANG_WARN_CONSTANT_CONVERSION = YES;
				CLANG_WARN_DEPRECATED_OBJC_IMPLEMENTATIONS = YES;
				CLANG_WARN_DIRECT_OBJC_ISA_USAGE = YES_ERROR;
				CLANG_WARN_DOCUMENTATION_COMMENTS = YES;
				CLANG_WARN_EMPTY_BODY = YES;
				CLANG_WARN_ENUM_CONVERSION = YES;
				CLANG_WARN_INFINITE_RECURSION = YES;
				CLANG_WARN_INT_CONVERSION = YES;
				CLANG_WARN_NON_LITERAL_NULL_CONVERSION = YES;
				CLANG_WARN_OBJC_IMPLICIT_RETAIN_SELF = YES;
				CLANG_WARN_OBJC_LITERAL_CONVERSION = YES;
				CLANG_WARN_OBJC_ROOT_CLASS = YES_ERROR;
				CLANG_WARN_RANGE_LOOP_ANALYSIS = YES;
				CLANG_WARN_STRICT_PROTOTYPES = YES;
				CLANG_WARN_SUSPICIOUS_MOVE = YES;
				CLANG_WARN_UNGUARDED_AVAILABILITY = YES_AGGRESSIVE;
				CLANG_WARN_UNREACHABLE_CODE = YES;
				CLANG_WARN__DUPLICATE_METHOD_MATCH = YES;
				CODE_SIGN_IDENTITY = "iPhone Developer";
				COPY_PHASE_STRIP = NO;
				DEBUG_INFORMATION_FORMAT = "dwarf-with-dsym";
				ENABLE_NS_ASSERTIONS = NO;
				ENABLE_STRICT_OBJC_MSGSEND = YES;
				GCC_C_LANGUAGE_STANDARD = gnu11;
				GCC_NO_COMMON_BLOCKS = YES;
				GCC_WARN_64_TO_32_BIT_CONVERSION = YES;
				GCC_WARN_ABOUT_RETURN_TYPE = YES_ERROR;
				GCC_WARN_UNDECLARED_SELECTOR = YES;
				GCC_WARN_UNINITIALIZED_AUTOS = YES_AGGRESSIVE;
				GCC_WARN_UNUSED_FUNCTION = YES;
				GCC_WARN_UNUSED_VARIABLE = YES;
				IPHONEOS_DEPLOYMENT_TARGET = 11.3;
				MTL_ENABLE_DEBUG_INFO = NO;
				SDKROOT = iphoneos;
				SWIFT_COMPILATION_MODE = wholemodule;
				SWIFT_OPTIMIZATION_LEVEL = "-O";
				VALIDATE_PRODUCT = YES;
			};
			name = Release;
		};
		A1626E8120B6E5560026D04C /* Debug */ = {
			isa = XCBuildConfiguration;
			baseConfigurationReference = B2BA5D36410FDF1BB42F3980 /* Pods-Friends.debug.xcconfig */;
			buildSettings = {
				ASSETCATALOG_COMPILER_APPICON_NAME = AppIcon;
				CODE_SIGN_STYLE = Automatic;
				DEVELOPMENT_TEAM = NQJ433XG8T;
				INFOPLIST_FILE = Friends/Info.plist;
				IPHONEOS_DEPLOYMENT_TARGET = 9.3;
				LD_RUNPATH_SEARCH_PATHS = (
					"$(inherited)",
					"@executable_path/Frameworks",
				);
				PRODUCT_BUNDLE_IDENTIFIER = com.sbd.Friends;
				PRODUCT_NAME = "$(TARGET_NAME)";
				SWIFT_VERSION = 4.0;
				TARGETED_DEVICE_FAMILY = "1,2";
			};
			name = Debug;
		};
		A1626E8220B6E5560026D04C /* Release */ = {
			isa = XCBuildConfiguration;
			baseConfigurationReference = 3873059C352E6CB5AD41BA74 /* Pods-Friends.release.xcconfig */;
			buildSettings = {
				ASSETCATALOG_COMPILER_APPICON_NAME = AppIcon;
				CODE_SIGN_STYLE = Automatic;
				DEVELOPMENT_TEAM = NQJ433XG8T;
				INFOPLIST_FILE = Friends/Info.plist;
				IPHONEOS_DEPLOYMENT_TARGET = 9.3;
				LD_RUNPATH_SEARCH_PATHS = (
					"$(inherited)",
					"@executable_path/Frameworks",
				);
				PRODUCT_BUNDLE_IDENTIFIER = com.sbd.Friends;
				PRODUCT_NAME = "$(TARGET_NAME)";
				SWIFT_VERSION = 4.0;
				TARGETED_DEVICE_FAMILY = "1,2";
			};
			name = Release;
		};
/* End XCBuildConfiguration section */

/* Begin XCConfigurationList section */
		A1626E6720B6E5550026D04C /* Build configuration list for PBXProject "Friends" */ = {
			isa = XCConfigurationList;
			buildConfigurations = (
				A1626E7E20B6E5560026D04C /* Debug */,
				A1626E7F20B6E5560026D04C /* Release */,
			);
			defaultConfigurationIsVisible = 0;
			defaultConfigurationName = Release;
		};
		A1626E8020B6E5560026D04C /* Build configuration list for PBXNativeTarget "Friends" */ = {
			isa = XCConfigurationList;
			buildConfigurations = (
				A1626E8120B6E5560026D04C /* Debug */,
				A1626E8220B6E5560026D04C /* Release */,
			);
			defaultConfigurationIsVisible = 0;
			defaultConfigurationName = Release;
		};
/* End XCConfigurationList section */
	};
	rootObject = A1626E6420B6E5550026D04C /* Project object */;
}
